
Microsoft Visual Studio Solution File, Format Version 12.00
# Visual Studio Version 16
VisualStudioVersion = 16.0.30907.101
MinimumVisualStudioVersion = 10.0.40219.1
Project("{FAE04EC0-301F-11D3-BF4B-00C04F79EFBC}") = "CertStager", "CertStager.csproj", "{7EC69566-2A68-4215-A6DA-E6918937BC4D}"
EndProject
Global
	GlobalSection(SolutionConfigurationPlatforms) = preSolution
		Debug|Any CPU = Debug|Any CPU
		Debug|x64 = Debug|x64
		Release|Any CPU = Release|Any CPU
		Release|x64 = Release|x64
	EndGlobalSection
	GlobalSection(ProjectConfigurationPlatforms) = postSolution
		{7EC69566-2A68-4215-A6DA-E6918937BC4D}.Debug|Any CPU.ActiveCfg = Debug|Any CPU
		{7EC69566-2A68-4215-A6DA-E6918937BC4D}.Debug|Any CPU.Build.0 = Debug|Any CPU
		{7EC69566-2A68-4215-A6DA-E6918937BC4D}.Debug|x64.ActiveCfg = Debug|x64
		{7EC69566-2A68-4215-A6DA-E6918937BC4D}.Debug|x64.Build.0 = Debug|x64
		{7EC69566-2A68-4215-A6DA-E6918937BC4D}.Release|Any CPU.ActiveCfg = Release|Any CPU
		{7EC69566-2A68-4215-A6DA-E6918937BC4D}.Release|Any CPU.Build.0 = Release|Any CPU
		{7EC69566-2A68-4215-A6DA-E6918937BC4D}.Release|x64.ActiveCfg = Release|x64
		{7EC69566-2A68-4215-A6DA-E6918937BC4D}.Release|x64.Build.0 = Release|x64
	EndGlobalSection
	GlobalSection(SolutionProperties) = preSolution
		HideSolutionNode = FALSE
	EndGlobalSection
	GlobalSection(ExtensibilityGlobals) = postSolution
		SolutionGuid = {DEBD2CD5-52BF-44A2-984D-77C8942B9C6A}
	EndGlobalSection
EndGlobal
